{
  "name": "DeBugger",
  "version": "1.0.0",
  "lockfileVersion": 1,
  "requires": true,
  "dependencies": {
    "sierra-library": {
      "version": "2.0.0",
      "resolved": "https://registry.npmjs.org/sierra-library/-/sierra-library-2.0.0.tgz",
      "integrity": "sha1-VK4BoCxVj/3mNt7weC288NklzXo=",
      "dev": true
    }
  }
}
